
Microsoft Visual Studio Solution File, Format Version 12.00
# Visual Studio 15
VisualStudioVersion = 15.0.26730.12
MinimumVisualStudioVersion = 10.0.40219.1
Project("{9A19103F-16F7-4668-BE54-9A1E7A4F7556}") = "MongoDB.Samples.AggregationFramework.Console", "MongoDB.Samples.AggregationFramework.Console\MongoDB.Samples.AggregationFramework.Console.csproj", "{7E310202-675A-47FD-82FE-03671F724225}"
EndProject
Project("{9A19103F-16F7-4668-BE54-9A1E7A4F7556}") = "MongoDB.Samples.AggregationFramework.Library", "MongoDB.Samples.AggregationFramework.Library\MongoDB.Samples.AggregationFramework.Library.csproj", "{B35253CB-B176-413B-9868-C00F315048F8}"
EndProject
Project("{2150E333-8FDC-42A3-9474-1A3956D46DE8}") = "Solution Items", "Solution Items", "{C06227D3-D20C-40D9-AFDB-5FF2E2FDE1EB}"
	ProjectSection(SolutionItems) = preProject
		README.md = README.md
	EndProjectSection
EndProject
Global
	GlobalSection(SolutionConfigurationPlatforms) = preSolution
		Debug|Any CPU = Debug|Any CPU
		Release|Any CPU = Release|Any CPU
	EndGlobalSection
	GlobalSection(ProjectConfigurationPlatforms) = postSolution
		{7E310202-675A-47FD-82FE-03671F724225}.Debug|Any CPU.ActiveCfg = Debug|Any CPU
		{7E310202-675A-47FD-82FE-03671F724225}.Debug|Any CPU.Build.0 = Debug|Any CPU
		{7E310202-675A-47FD-82FE-03671F724225}.Release|Any CPU.ActiveCfg = Release|Any CPU
		{7E310202-675A-47FD-82FE-03671F724225}.Release|Any CPU.Build.0 = Release|Any CPU
		{B35253CB-B176-413B-9868-C00F315048F8}.Debug|Any CPU.ActiveCfg = Debug|Any CPU
		{B35253CB-B176-413B-9868-C00F315048F8}.Debug|Any CPU.Build.0 = Debug|Any CPU
		{B35253CB-B176-413B-9868-C00F315048F8}.Release|Any CPU.ActiveCfg = Release|Any CPU
		{B35253CB-B176-413B-9868-C00F315048F8}.Release|Any CPU.Build.0 = Release|Any CPU
	EndGlobalSection
	GlobalSection(SolutionProperties) = preSolution
		HideSolutionNode = FALSE
	EndGlobalSection
	GlobalSection(ExtensibilityGlobals) = postSolution
		SolutionGuid = {C4F7BEB0-63DD-4C58-8625-4A50EEE0A887}
	EndGlobalSection
EndGlobal
